
Microsoft Visual Studio Solution File, Format Version 12.00
# Visual Studio Version 17
VisualStudioVersion = 17.11.35312.102
MinimumVisualStudioVersion = 10.0.40219.1
Project("{2150E333-8FDC-42A3-9474-1A3956D46DE8}") = "Services", "Services", "{573565F5-D909-4252-90B2-A2816BD2B233}"
EndProject
Project("{2150E333-8FDC-42A3-9474-1A3956D46DE8}") = "Order", "Order", "{481E983D-131C-4268-B71E-26A0A9AE7701}"
EndProject
Project("{2150E333-8FDC-42A3-9474-1A3956D46DE8}") = "Product", "Product", "{B5177BD9-52B0-40BD-9DE9-18BE56684636}"
EndProject
Project("{2150E333-8FDC-42A3-9474-1A3956D46DE8}") = "gRPC", "gRPC", "{F9A3B9A8-BC8D-42B3-A1FD-0D163427E866}"
EndProject
Project("{2150E333-8FDC-42A3-9474-1A3956D46DE8}") = "KafkaComm", "KafkaComm", "{2D37B478-9A77-4325-A5CC-33E5C3960969}"
EndProject
Project("{FAE04EC0-301F-11D3-BF4B-00C04F79EFBC}") = "KafkaEventHandler", "Services\KafkaComm\KafkaEventHandler\KafkaEventHandler.csproj", "{4774B372-C5F7-470C-A8C3-148C6D9CA38F}"
EndProject
Project("{FAE04EC0-301F-11D3-BF4B-00C04F79EFBC}") = "OrderAPI", "Services\Order\OrderAPI\OrderAPI.csproj", "{0667D73A-AA3A-4BD9-A16D-0C2E1641AF26}"
EndProject
Project("{FAE04EC0-301F-11D3-BF4B-00C04F79EFBC}") = "OrderDomain", "Services\Order\OrderDomain\OrderDomain.csproj", "{E983C359-377F-466A-BD15-A8BD482F6D07}"
EndProject
Project("{FAE04EC0-301F-11D3-BF4B-00C04F79EFBC}") = "OrderInfrastructure", "Services\Order\OrderInfrastructure\OrderInfrastructure.csproj", "{81E3D7AA-5D30-459D-A535-C41C2C58633F}"
EndProject
Project("{FAE04EC0-301F-11D3-BF4B-00C04F79EFBC}") = "ProductAPI", "Services\Product\ProductAPI\ProductAPI.csproj", "{EB38268F-1F63-4098-A96C-BF2ED009A65F}"
EndProject
Project("{FAE04EC0-301F-11D3-BF4B-00C04F79EFBC}") = "ProductDomain", "Services\Product\ProductDomain\ProductDomain.csproj", "{BCA32027-F7D4-4535-8348-5030775929E1}"
EndProject
Project("{FAE04EC0-301F-11D3-BF4B-00C04F79EFBC}") = "ProductInfrastructure", "Services\Product\ProductInfrastructure\ProductInfrastructure.csproj", "{2657048C-5DE6-48D7-B506-474ED1176F28}"
EndProject
Project("{FAE04EC0-301F-11D3-BF4B-00C04F79EFBC}") = "GrpcService", "Services\gRPC\GrpcService\GrpcService.csproj", "{21DA940E-BEA8-4139-974D-D265BE68FAF6}"
EndProject
Project("{FAE04EC0-301F-11D3-BF4B-00C04F79EFBC}") = "RabbitEventHandler", "Services\RabbitComm\RabbitEventHandler\RabbitEventHandler.csproj", "{642DD1B6-ADB5-4FDB-A431-ABBC770E0355}"
EndProject
Project("{2150E333-8FDC-42A3-9474-1A3956D46DE8}") = "RabbitComm", "RabbitComm", "{CB68BD40-87EE-408C-BEFA-6292126E1C79}"
EndProject
Project("{2150E333-8FDC-42A3-9474-1A3956D46DE8}") = "Shared", "Shared", "{3D954F36-B399-4E98-9EBC-28F2369084DB}"
EndProject
Project("{FAE04EC0-301F-11D3-BF4B-00C04F79EFBC}") = "Shared", "Services\Shared\Shared.csproj", "{A3E630AB-6946-4948-B8E0-0D29BB671723}"
EndProject
Global
	GlobalSection(SolutionConfigurationPlatforms) = preSolution
		Debug|Any CPU = Debug|Any CPU
		Release|Any CPU = Release|Any CPU
	EndGlobalSection
	GlobalSection(ProjectConfigurationPlatforms) = postSolution
		{4774B372-C5F7-470C-A8C3-148C6D9CA38F}.Debug|Any CPU.ActiveCfg = Debug|Any CPU
		{4774B372-C5F7-470C-A8C3-148C6D9CA38F}.Debug|Any CPU.Build.0 = Debug|Any CPU
		{4774B372-C5F7-470C-A8C3-148C6D9CA38F}.Release|Any CPU.ActiveCfg = Release|Any CPU
		{4774B372-C5F7-470C-A8C3-148C6D9CA38F}.Release|Any CPU.Build.0 = Release|Any CPU
		{0667D73A-AA3A-4BD9-A16D-0C2E1641AF26}.Debug|Any CPU.ActiveCfg = Debug|Any CPU
		{0667D73A-AA3A-4BD9-A16D-0C2E1641AF26}.Debug|Any CPU.Build.0 = Debug|Any CPU
		{0667D73A-AA3A-4BD9-A16D-0C2E1641AF26}.Release|Any CPU.ActiveCfg = Release|Any CPU
		{0667D73A-AA3A-4BD9-A16D-0C2E1641AF26}.Release|Any CPU.Build.0 = Release|Any CPU
		{E983C359-377F-466A-BD15-A8BD482F6D07}.Debug|Any CPU.ActiveCfg = Debug|Any CPU
		{E983C359-377F-466A-BD15-A8BD482F6D07}.Debug|Any CPU.Build.0 = Debug|Any CPU
		{E983C359-377F-466A-BD15-A8BD482F6D07}.Release|Any CPU.ActiveCfg = Release|Any CPU
		{E983C359-377F-466A-BD15-A8BD482F6D07}.Release|Any CPU.Build.0 = Release|Any CPU
		{81E3D7AA-5D30-459D-A535-C41C2C58633F}.Debug|Any CPU.ActiveCfg = Debug|Any CPU
		{81E3D7AA-5D30-459D-A535-C41C2C58633F}.Debug|Any CPU.Build.0 = Debug|Any CPU
		{81E3D7AA-5D30-459D-A535-C41C2C58633F}.Release|Any CPU.ActiveCfg = Release|Any CPU
		{81E3D7AA-5D30-459D-A535-C41C2C58633F}.Release|Any CPU.Build.0 = Release|Any CPU
		{EB38268F-1F63-4098-A96C-BF2ED009A65F}.Debug|Any CPU.ActiveCfg = Debug|Any CPU
		{EB38268F-1F63-4098-A96C-BF2ED009A65F}.Debug|Any CPU.Build.0 = Debug|Any CPU
		{EB38268F-1F63-4098-A96C-BF2ED009A65F}.Release|Any CPU.ActiveCfg = Release|Any CPU
		{EB38268F-1F63-4098-A96C-BF2ED009A65F}.Release|Any CPU.Build.0 = Release|Any CPU
		{BCA32027-F7D4-4535-8348-5030775929E1}.Debug|Any CPU.ActiveCfg = Debug|Any CPU
		{BCA32027-F7D4-4535-8348-5030775929E1}.Debug|Any CPU.Build.0 = Debug|Any CPU
		{BCA32027-F7D4-4535-8348-5030775929E1}.Release|Any CPU.ActiveCfg = Release|Any CPU
		{BCA32027-F7D4-4535-8348-5030775929E1}.Release|Any CPU.Build.0 = Release|Any CPU
		{2657048C-5DE6-48D7-B506-474ED1176F28}.Debug|Any CPU.ActiveCfg = Debug|Any CPU
		{2657048C-5DE6-48D7-B506-474ED1176F28}.Debug|Any CPU.Build.0 = Debug|Any CPU
		{2657048C-5DE6-48D7-B506-474ED1176F28}.Release|Any CPU.ActiveCfg = Release|Any CPU
		{2657048C-5DE6-48D7-B506-474ED1176F28}.Release|Any CPU.Build.0 = Release|Any CPU
		{21DA940E-BEA8-4139-974D-D265BE68FAF6}.Debug|Any CPU.ActiveCfg = Debug|Any CPU
		{21DA940E-BEA8-4139-974D-D265BE68FAF6}.Debug|Any CPU.Build.0 = Debug|Any CPU
		{21DA940E-BEA8-4139-974D-D265BE68FAF6}.Release|Any CPU.ActiveCfg = Release|Any CPU
		{21DA940E-BEA8-4139-974D-D265BE68FAF6}.Release|Any CPU.Build.0 = Release|Any CPU
		{642DD1B6-ADB5-4FDB-A431-ABBC770E0355}.Debug|Any CPU.ActiveCfg = Debug|Any CPU
		{642DD1B6-ADB5-4FDB-A431-ABBC770E0355}.Debug|Any CPU.Build.0 = Debug|Any CPU
		{642DD1B6-ADB5-4FDB-A431-ABBC770E0355}.Release|Any CPU.ActiveCfg = Release|Any CPU
		{642DD1B6-ADB5-4FDB-A431-ABBC770E0355}.Release|Any CPU.Build.0 = Release|Any CPU
		{A3E630AB-6946-4948-B8E0-0D29BB671723}.Debug|Any CPU.ActiveCfg = Debug|Any CPU
		{A3E630AB-6946-4948-B8E0-0D29BB671723}.Debug|Any CPU.Build.0 = Debug|Any CPU
		{A3E630AB-6946-4948-B8E0-0D29BB671723}.Release|Any CPU.ActiveCfg = Release|Any CPU
		{A3E630AB-6946-4948-B8E0-0D29BB671723}.Release|Any CPU.Build.0 = Release|Any CPU
	EndGlobalSection
	GlobalSection(SolutionProperties) = preSolution
		HideSolutionNode = FALSE
	EndGlobalSection
	GlobalSection(NestedProjects) = preSolution
		{481E983D-131C-4268-B71E-26A0A9AE7701} = {573565F5-D909-4252-90B2-A2816BD2B233}
		{B5177BD9-52B0-40BD-9DE9-18BE56684636} = {573565F5-D909-4252-90B2-A2816BD2B233}
		{F9A3B9A8-BC8D-42B3-A1FD-0D163427E866} = {573565F5-D909-4252-90B2-A2816BD2B233}
		{2D37B478-9A77-4325-A5CC-33E5C3960969} = {573565F5-D909-4252-90B2-A2816BD2B233}
		{4774B372-C5F7-470C-A8C3-148C6D9CA38F} = {2D37B478-9A77-4325-A5CC-33E5C3960969}
		{0667D73A-AA3A-4BD9-A16D-0C2E1641AF26} = {481E983D-131C-4268-B71E-26A0A9AE7701}
		{E983C359-377F-466A-BD15-A8BD482F6D07} = {481E983D-131C-4268-B71E-26A0A9AE7701}
		{81E3D7AA-5D30-459D-A535-C41C2C58633F} = {481E983D-131C-4268-B71E-26A0A9AE7701}
		{EB38268F-1F63-4098-A96C-BF2ED009A65F} = {B5177BD9-52B0-40BD-9DE9-18BE56684636}
		{BCA32027-F7D4-4535-8348-5030775929E1} = {B5177BD9-52B0-40BD-9DE9-18BE56684636}
		{2657048C-5DE6-48D7-B506-474ED1176F28} = {B5177BD9-52B0-40BD-9DE9-18BE56684636}
		{21DA940E-BEA8-4139-974D-D265BE68FAF6} = {F9A3B9A8-BC8D-42B3-A1FD-0D163427E866}
		{642DD1B6-ADB5-4FDB-A431-ABBC770E0355} = {CB68BD40-87EE-408C-BEFA-6292126E1C79}
		{CB68BD40-87EE-408C-BEFA-6292126E1C79} = {573565F5-D909-4252-90B2-A2816BD2B233}
		{3D954F36-B399-4E98-9EBC-28F2369084DB} = {573565F5-D909-4252-90B2-A2816BD2B233}
		{A3E630AB-6946-4948-B8E0-0D29BB671723} = {3D954F36-B399-4E98-9EBC-28F2369084DB}
	EndGlobalSection
	GlobalSection(ExtensibilityGlobals) = postSolution
		SolutionGuid = {693C6A59-8331-473B-B736-940E05E0E938}
	EndGlobalSection
EndGlobal
